
Microsoft Visual Studio Solution File, Format Version 12.00
# Visual Studio Version 16
VisualStudioVersion = 16.0.28621.142
MinimumVisualStudioVersion = 10.0.40219.1
Project("{9A19103F-16F7-4668-BE54-9A1E7A4F7556}") = "Waku", "Waku\Waku.csproj", "{CEA09FC0-FFC2-41DF-9BA4-75BE6CB4A161}"
EndProject
Project("{9A19103F-16F7-4668-BE54-9A1E7A4F7556}") = "Waku.Test", "Waku.Test\Waku.Test.csproj", "{23653F53-0BEA-476C-8075-C015BA040D4F}"
EndProject
Project("{2150E333-8FDC-42A3-9474-1A3956D46DE8}") = "Solution Items", "Solution Items", "{45330DEC-09BC-456F-A743-3E3859A786B9}"
	ProjectSection(SolutionItems) = preProject
		.editorconfig = .editorconfig
		.travis.yml = .travis.yml
		README.md = README.md
	EndProjectSection
EndProject
Global
	GlobalSection(SolutionConfigurationPlatforms) = preSolution
		Debug|Any CPU = Debug|Any CPU
		Release|Any CPU = Release|Any CPU
	EndGlobalSection
	GlobalSection(ProjectConfigurationPlatforms) = postSolution
		{CEA09FC0-FFC2-41DF-9BA4-75BE6CB4A161}.Debug|Any CPU.ActiveCfg = Debug|Any CPU
		{CEA09FC0-FFC2-41DF-9BA4-75BE6CB4A161}.Debug|Any CPU.Build.0 = Debug|Any CPU
		{CEA09FC0-FFC2-41DF-9BA4-75BE6CB4A161}.Release|Any CPU.ActiveCfg = Release|Any CPU
		{CEA09FC0-FFC2-41DF-9BA4-75BE6CB4A161}.Release|Any CPU.Build.0 = Release|Any CPU
		{23653F53-0BEA-476C-8075-C015BA040D4F}.Debug|Any CPU.ActiveCfg = Debug|Any CPU
		{23653F53-0BEA-476C-8075-C015BA040D4F}.Debug|Any CPU.Build.0 = Debug|Any CPU
		{23653F53-0BEA-476C-8075-C015BA040D4F}.Release|Any CPU.ActiveCfg = Release|Any CPU
		{23653F53-0BEA-476C-8075-C015BA040D4F}.Release|Any CPU.Build.0 = Release|Any CPU
	EndGlobalSection
	GlobalSection(SolutionProperties) = preSolution
		HideSolutionNode = FALSE
	EndGlobalSection
	GlobalSection(ExtensibilityGlobals) = postSolution
		SolutionGuid = {847F1610-03A0-48EA-AC6E-26346A308917}
	EndGlobalSection
EndGlobal
